// !$*UTF8*$!
{
	archiveVersion = 1;
	classes = {
	};
	objectVersion = 55;
	objects = {

/* Begin PBXBuildFile section */
		B0E9A108284D27570096B2DD /* AppDelegate.swift in Sources */ = {isa = PBXBuildFile; fileRef = B0E9A107284D27570096B2DD /* AppDelegate.swift */; };
		B0E9A10A284D27570096B2DD /* ViewController.swift in Sources */ = {isa = PBXBuildFile; fileRef = B0E9A109284D27570096B2DD /* ViewController.swift */; };
		B0E9A10F284D27570096B2DD /* Main.storyboard in Resources */ = {isa = PBXBuildFile; fileRef = B0E9A10D284D27570096B2DD /* Main.storyboard */; };
		B0E9A111284D275C0096B2DD /* Assets.xcassets in Resources */ = {isa = PBXBuildFile; fileRef = B0E9A110284D275C0096B2DD /* Assets.xcassets */; };
		B0E9A114284D275C0096B2DD /* LaunchScreen.storyboard in Resources */ = {isa = PBXBuildFile; fileRef = B0E9A112284D275C0096B2DD /* LaunchScreen.storyboard */; };
		B0E9A11E284D275C0096B2DD /* TareaARTests.swift in Sources */ = {isa = PBXBuildFile; fileRef = B0E9A11D284D275C0096B2DD /* TareaARTests.swift */; };
		B0E9A128284D275C0096B2DD /* TareaARUITests.swift in Sources */ = {isa = PBXBuildFile; fileRef = B0E9A127284D275C0096B2DD /* TareaARUITests.swift */; };
		B0E9A12A284D275C0096B2DD /* TareaARUITestsLaunchTests.swift in Sources */ = {isa = PBXBuildFile; fileRef = B0E9A129284D275C0096B2DD /* TareaARUITestsLaunchTests.swift */; };
		B0E9A13E284D3A350096B2DD /* 03.usdz in Resources */ = {isa = PBXBuildFile; fileRef = B0E9A136284D3A350096B2DD /* 03.usdz */; };
		B0E9A13F284D3A350096B2DD /* 02.usdz in Resources */ = {isa = PBXBuildFile; fileRef = B0E9A137284D3A350096B2DD /* 02.usdz */; };
		B0E9A141284D3A350096B2DD /* 04.usdz in Resources */ = {isa = PBXBuildFile; fileRef = B0E9A139284D3A350096B2DD /* 04.usdz */; };
		B0E9A142284D3A350096B2DD /* 05.usdz in Resources */ = {isa = PBXBuildFile; fileRef = B0E9A13A284D3A350096B2DD /* 05.usdz */; };
		B0E9A143284D3A350096B2DD /* 07.usdz in Resources */ = {isa = PBXBuildFile; fileRef = B0E9A13B284D3A350096B2DD /* 07.usdz */; };
		B0E9A144284D3A350096B2DD /* 06.usdz in Resources */ = {isa = PBXBuildFile; fileRef = B0E9A13C284D3A350096B2DD /* 06.usdz */; };
		B0E9A145284D3A350096B2DD /* 08.usdz in Resources */ = {isa = PBXBuildFile; fileRef = B0E9A13D284D3A350096B2DD /* 08.usdz */; };
		B0E9A147284D55720096B2DD /* 01.usdz in Resources */ = {isa = PBXBuildFile; fileRef = B0E9A146284D55720096B2DD /* 01.usdz */; };
/* End PBXBuildFile section */

/* Begin PBXContainerItemProxy section */
		B0E9A11A284D275C0096B2DD /* PBXContainerItemProxy */ = {
			isa = PBXContainerItemProxy;
			containerPortal = B0E9A0FC284D27570096B2DD /* Project object */;
			proxyType = 1;
			remoteGlobalIDString = B0E9A103284D27570096B2DD;
			remoteInfo = TareaAR;
		};
		B0E9A124284D275C0096B2DD /* PBXContainerItemProxy */ = {
			isa = PBXContainerItemProxy;
			containerPortal = B0E9A0FC284D27570096B2DD /* Project object */;
			proxyType = 1;
			remoteGlobalIDString = B0E9A103284D27570096B2DD;
			remoteInfo = TareaAR;
		};
/* End PBXContainerItemProxy section */

/* Begin PBXFileReference section */
		B0E9A104284D27570096B2DD /* TareaAR.app */ = {isa = PBXFileReference; explicitFileType = wrapper.application; includeInIndex = 0; path = TareaAR.app; sourceTree = BUILT_PRODUCTS_DIR; };
		B0E9A107284D27570096B2DD /* AppDelegate.swift */ = {isa = PBXFileReference; lastKnownFileType = sourcecode.swift; path = AppDelegate.swift; sourceTree = "<group>"; };
		B0E9A109284D27570096B2DD /* ViewController.swift */ = {isa = PBXFileReference; lastKnownFileType = sourcecode.swift; path = ViewController.swift; sourceTree = "<group>"; };
		B0E9A10E284D27570096B2DD /* Base */ = {isa = PBXFileReference; lastKnownFileType = file.storyboard; name = Base; path = Base.lproj/Main.storyboard; sourceTree = "<group>"; };
		B0E9A110284D275C0096B2DD /* Assets.xcassets */ = {isa = PBXFileReference; lastKnownFileType = folder.assetcatalog; path = Assets.xcassets; sourceTree = "<group>"; };
		B0E9A113284D275C0096B2DD /* Base */ = {isa = PBXFileReference; lastKnownFileType = file.storyboard; name = Base; path = Base.lproj/LaunchScreen.storyboard; sourceTree = "<group>"; };
		B0E9A119284D275C0096B2DD /* TareaARTests.xctest */ = {isa = PBXFileReference; explicitFileType = wrapper.cfbundle; includeInIndex = 0; path = TareaARTests.xctest; sourceTree = BUILT_PRODUCTS_DIR; };
		B0E9A11D284D275C0096B2DD /* TareaARTests.swift */ = {isa = PBXFileReference; lastKnownFileType = sourcecode.swift; path = TareaARTests.swift; sourceTree = "<group>"; };
		B0E9A123284D275C0096B2DD /* TareaARUITests.xctest */ = {isa = PBXFileReference; explicitFileType = wrapper.cfbundle; includeInIndex = 0; path = TareaARUITests.xctest; sourceTree = BUILT_PRODUCTS_DIR; };
		B0E9A127284D275C0096B2DD /* TareaARUITests.swift */ = {isa = PBXFileReference; lastKnownFileType = sourcecode.swift; path = TareaARUITests.swift; sourceTree = "<group>"; };
		B0E9A129284D275C0096B2DD /* TareaARUITestsLaunchTests.swift */ = {isa = PBXFileReference; lastKnownFileType = sourcecode.swift; path = TareaARUITestsLaunchTests.swift; sourceTree = "<group>"; };
		B0E9A136284D3A350096B2DD /* 03.usdz */ = {isa = PBXFileReference; lastKnownFileType = file.usdz; path = 03.usdz; sourceTree = "<group>"; };
		B0E9A137284D3A350096B2DD /* 02.usdz */ = {isa = PBXFileReference; lastKnownFileType = file.usdz; path = 02.usdz; sourceTree = "<group>"; };
		B0E9A139284D3A350096B2DD /* 04.usdz */ = {isa = PBXFileReference; lastKnownFileType = file.usdz; path = 04.usdz; sourceTree = "<group>"; };
		B0E9A13A284D3A350096B2DD /* 05.usdz */ = {isa = PBXFileReference; lastKnownFileType = file.usdz; path = 05.usdz; sourceTree = "<group>"; };
		B0E9A13B284D3A350096B2DD /* 07.usdz */ = {isa = PBXFileReference; lastKnownFileType = file.usdz; path = 07.usdz; sourceTree = "<group>"; };
		B0E9A13C284D3A350096B2DD /* 06.usdz */ = {isa = PBXFileReference; lastKnownFileType = file.usdz; path = 06.usdz; sourceTree = "<group>"; };
		B0E9A13D284D3A350096B2DD /* 08.usdz */ = {isa = PBXFileReference; lastKnownFileType = file.usdz; path = 08.usdz; sourceTree = "<group>"; };
		B0E9A146284D55720096B2DD /* 01.usdz */ = {isa = PBXFileReference; lastKnownFileType = file.usdz; path = 01.usdz; sourceTree = "<group>"; };
/* End PBXFileReference section */

/* Begin PBXFrameworksBuildPhase section */
		B0E9A101284D27570096B2DD /* Frameworks */ = {
			isa = PBXFrameworksBuildPhase;
			buildActionMask = 2147483647;
			files = (
			);
			runOnlyForDeploymentPostprocessing = 0;
		};
		B0E9A116284D275C0096B2DD /* Frameworks */ = {
			isa = PBXFrameworksBuildPhase;
			buildActionMask = 2147483647;
			files = (
			);
			runOnlyForDeploymentPostprocessing = 0;
		};
		B0E9A120284D275C0096B2DD /* Frameworks */ = {
			isa = PBXFrameworksBuildPhase;
			buildActionMask = 2147483647;
			files = (
			);
			runOnlyForDeploymentPostprocessing = 0;
		};
/* End PBXFrameworksBuildPhase section */

/* Begin PBXGroup section */
		B0E9A0FB284D27570096B2DD = {
			isa = PBXGroup;
			children = (
				B0E9A106284D27570096B2DD /* TareaAR */,
				B0E9A11C284D275C0096B2DD /* TareaARTests */,
				B0E9A126284D275C0096B2DD /* TareaARUITests */,
				B0E9A105284D27570096B2DD /* Products */,
			);
			sourceTree = "<group>";
		};
		B0E9A105284D27570096B2DD /* Products */ = {
			isa = PBXGroup;
			children = (
				B0E9A104284D27570096B2DD /* TareaAR.app */,
				B0E9A119284D275C0096B2DD /* TareaARTests.xctest */,
				B0E9A123284D275C0096B2DD /* TareaARUITests.xctest */,
			);
			name = Products;
			sourceTree = "<group>";
		};
		B0E9A106284D27570096B2DD /* TareaAR */ = {
			isa = PBXGroup;
			children = (
				B0E9A107284D27570096B2DD /* AppDelegate.swift */,
				B0E9A109284D27570096B2DD /* ViewController.swift */,
				B0E9A146284D55720096B2DD /* 01.usdz */,
				B0E9A137284D3A350096B2DD /* 02.usdz */,
				B0E9A136284D3A350096B2DD /* 03.usdz */,
				B0E9A139284D3A350096B2DD /* 04.usdz */,
				B0E9A13A284D3A350096B2DD /* 05.usdz */,
				B0E9A13C284D3A350096B2DD /* 06.usdz */,
				B0E9A13B284D3A350096B2DD /* 07.usdz */,
				B0E9A13D284D3A350096B2DD /* 08.usdz */,
				B0E9A10D284D27570096B2DD /* Main.storyboard */,
				B0E9A110284D275C0096B2DD /* Assets.xcassets */,
				B0E9A112284D275C0096B2DD /* LaunchScreen.storyboard */,
			);
			path = TareaAR;
			sourceTree = "<group>";
		};
		B0E9A11C284D275C0096B2DD /* TareaARTests */ = {
			isa = PBXGroup;
			children = (
				B0E9A11D284D275C0096B2DD /* TareaARTests.swift */,
			);
			path = TareaARTests;
			sourceTree = "<group>";
		};
		B0E9A126284D275C0096B2DD /* TareaARUITests */ = {
			isa = PBXGroup;
			children = (
				B0E9A127284D275C0096B2DD /* TareaARUITests.swift */,
				B0E9A129284D275C0096B2DD /* TareaARUITestsLaunchTests.swift */,
			);
			path = TareaARUITests;
			sourceTree = "<group>";
		};
/* End PBXGroup section */

/* Begin PBXNativeTarget section */
		B0E9A103284D27570096B2DD /* TareaAR */ = {
			isa = PBXNativeTarget;
			buildConfigurationList = B0E9A12D284D275C0096B2DD /* Build configuration list for PBXNativeTarget "TareaAR" */;
			buildPhases = (
				B0E9A100284D27570096B2DD /* Sources */,
				B0E9A101284D27570096B2DD /* Frameworks */,
				B0E9A102284D27570096B2DD /* Resources */,
			);
			buildRules = (
			);
			dependencies = (
			);
			name = TareaAR;
			productName = TareaAR;
			productReference = B0E9A104284D27570096B2DD /* TareaAR.app */;
			productType = "com.apple.product-type.application";
		};
		B0E9A118284D275C0096B2DD /* TareaARTests */ = {
			isa = PBXNativeTarget;
			buildConfigurationList = B0E9A130284D275C0096B2DD /* Build configuration list for PBXNativeTarget "TareaARTests" */;
			buildPhases = (
				B0E9A115284D275C0096B2DD /* Sources */,
				B0E9A116284D275C0096B2DD /* Frameworks */,
				B0E9A117284D275C0096B2DD /* Resources */,
			);
			buildRules = (
			);
			dependencies = (
				B0E9A11B284D275C0096B2DD /* PBXTargetDependency */,
			);
			name = TareaARTests;
			productName = TareaARTests;
			productReference = B0E9A119284D275C0096B2DD /* TareaARTests.xctest */;
			productType = "com.apple.product-type.bundle.unit-test";
		};
		B0E9A122284D275C0096B2DD /* TareaARUITests */ = {
			isa = PBXNativeTarget;
			buildConfigurationList = B0E9A133284D275C0096B2DD /* Build configuration list for PBXNativeTarget "TareaARUITests" */;
			buildPhases = (
				B0E9A11F284D275C0096B2DD /* Sources */,
				B0E9A120284D275C0096B2DD /* Frameworks */,
				B0E9A121284D275C0096B2DD /* Resources */,
			);
			buildRules = (
			);
			dependencies = (
				B0E9A125284D275C0096B2DD /* PBXTargetDependency */,
			);
			name = TareaARUITests;
			productName = TareaARUITests;
			productReference = B0E9A123284D275C0096B2DD /* TareaARUITests.xctest */;
			productType = "com.apple.product-type.bundle.ui-testing";
		};
/* End PBXNativeTarget section */

/* Begin PBXProject section */
		B0E9A0FC284D27570096B2DD /* Project object */ = {
			isa = PBXProject;
			attributes = {
				BuildIndependentTargetsInParallel = 1;
				LastSwiftUpdateCheck = 1330;
				LastUpgradeCheck = 1330;
				TargetAttributes = {
					B0E9A103284D27570096B2DD = {
						CreatedOnToolsVersion = 13.3.1;
					};
					B0E9A118284D275C0096B2DD = {
						CreatedOnToolsVersion = 13.3.1;
						TestTargetID = B0E9A103284D27570096B2DD;
					};
					B0E9A122284D275C0096B2DD = {
						CreatedOnToolsVersion = 13.3.1;
						TestTargetID = B0E9A103284D27570096B2DD;
					};
				};
			};
			buildConfigurationList = B0E9A0FF284D27570096B2DD /* Build configuration list for PBXProject "TareaAR" */;
			compatibilityVersion = "Xcode 13.0";
			developmentRegion = en;
			hasScannedForEncodings = 0;
			knownRegions = (
				en,
				Base,
			);
			mainGroup = B0E9A0FB284D27570096B2DD;
			productRefGroup = B0E9A105284D27570096B2DD /* Products */;
			projectDirPath = "";
			projectRoot = "";
			targets = (
				B0E9A103284D27570096B2DD /* TareaAR */,
				B0E9A118284D275C0096B2DD /* TareaARTests */,
				B0E9A122284D275C0096B2DD /* TareaARUITests */,
			);
		};
/* End PBXProject section */

/* Begin PBXResourcesBuildPhase section */
		B0E9A102284D27570096B2DD /* Resources */ = {
			isa = PBXResourcesBuildPhase;
			buildActionMask = 2147483647;
			files = (
				B0E9A143284D3A350096B2DD /* 07.usdz in Resources */,
				B0E9A114284D275C0096B2DD /* LaunchScreen.storyboard in Resources */,
				B0E9A111284D275C0096B2DD /* Assets.xcassets in Resources */,
				B0E9A141284D3A350096B2DD /* 04.usdz in Resources */,
				B0E9A142284D3A350096B2DD /* 05.usdz in Resources */,
				B0E9A145284D3A350096B2DD /* 08.usdz in Resources */,
				B0E9A144284D3A350096B2DD /* 06.usdz in Resources */,
				B0E9A147284D55720096B2DD /* 01.usdz in Resources */,
				B0E9A13E284D3A350096B2DD /* 03.usdz in Resources */,
				B0E9A10F284D27570096B2DD /* Main.storyboard in Resources */,
				B0E9A13F284D3A350096B2DD /* 02.usdz in Resources */,
			);
			runOnlyForDeploymentPostprocessing = 0;
		};
		B0E9A117284D275C0096B2DD /* Resources */ = {
			isa = PBXResourcesBuildPhase;
			buildActionMask = 2147483647;
			files = (
			);
			runOnlyForDeploymentPostprocessing = 0;
		};
		B0E9A121284D275C0096B2DD /* Resources */ = {
			isa = PBXResourcesBuildPhase;
			buildActionMask = 2147483647;
			files = (
			);
			runOnlyForDeploymentPostprocessing = 0;
		};
/* End PBXResourcesBuildPhase section */

/* Begin PBXSourcesBuildPhase section */
		B0E9A100284D27570096B2DD /* Sources */ = {
			isa = PBXSourcesBuildPhase;
			buildActionMask = 2147483647;
			files = (
				B0E9A10A284D27570096B2DD /* ViewController.swift in Sources */,
				B0E9A108284D27570096B2DD /* AppDelegate.swift in Sources */,
			);
			runOnlyForDeploymentPostprocessing = 0;
		};
		B0E9A115284D275C0096B2DD /* Sources */ = {
			isa = PBXSourcesBuildPhase;
			buildActionMask = 2147483647;
			files = (
				B0E9A11E284D275C0096B2DD /* TareaARTests.swift in Sources */,
			);
			runOnlyForDeploymentPostprocessing = 0;
		};
		B0E9A11F284D275C0096B2DD /* Sources */ = {
			isa = PBXSourcesBuildPhase;
			buildActionMask = 2147483647;
			files = (
				B0E9A128284D275C0096B2DD /* TareaARUITests.swift in Sources */,
				B0E9A12A284D275C0096B2DD /* TareaARUITestsLaunchTests.swift in Sources */,
			);
			runOnlyForDeploymentPostprocessing = 0;
		};
/* End PBXSourcesBuildPhase section */

/* Begin PBXTargetDependency section */
		B0E9A11B284D275C0096B2DD /* PBXTargetDependency */ = {
			isa = PBXTargetDependency;
			target = B0E9A103284D27570096B2DD /* TareaAR */;
			targetProxy = B0E9A11A284D275C0096B2DD /* PBXContainerItemProxy */;
		};
		B0E9A125284D275C0096B2DD /* PBXTargetDependency */ = {
			isa = PBXTargetDependency;
			target = B0E9A103284D27570096B2DD /* TareaAR */;
			targetProxy = B0E9A124284D275C0096B2DD /* PBXContainerItemProxy */;
		};
/* End PBXTargetDependency section */

/* Begin PBXVariantGroup section */
		B0E9A10D284D27570096B2DD /* Main.storyboard */ = {
			isa = PBXVariantGroup;
			children = (
				B0E9A10E284D27570096B2DD /* Base */,
			);
			name = Main.storyboard;
			sourceTree = "<group>";
		};
		B0E9A112284D275C0096B2DD /* LaunchScreen.storyboard */ = {
			isa = PBXVariantGroup;
			children = (
				B0E9A113284D275C0096B2DD /* Base */,
			);
			name = LaunchScreen.storyboard;
			sourceTree = "<group>";
		};
/* End PBXVariantGroup section */

/* Begin XCBuildConfiguration section */
		B0E9A12B284D275C0096B2DD /* Debug */ = {
			isa = XCBuildConfiguration;
			buildSettings = {
				ALWAYS_SEARCH_USER_PATHS = NO;
				CLANG_ANALYZER_NONNULL = YES;
				CLANG_ANALYZER_NUMBER_OBJECT_CONVERSION = YES_AGGRESSIVE;
				CLANG_CXX_LANGUAGE_STANDARD = "gnu++17";
				CLANG_ENABLE_MODULES = YES;
				CLANG_ENABLE_OBJC_ARC = YES;
				CLANG_ENABLE_OBJC_WEAK = YES;
				CLANG_WARN_BLOCK_CAPTURE_AUTORELEASING = YES;
				CLANG_WARN_BOOL_CONVERSION = YES;
				CLANG_WARN_COMMA = YES;
				CLANG_WARN_CONSTANT_CONVERSION = YES;
				CLANG_WARN_DEPRECATED_OBJC_IMPLEMENTATIONS = YES;
				CLANG_WARN_DIRECT_OBJC_ISA_USAGE = YES_ERROR;
				CLANG_WARN_DOCUMENTATION_COMMENTS = YES;
				CLANG_WARN_EMPTY_BODY = YES;
				CLANG_WARN_ENUM_CONVERSION = YES;
				CLANG_WARN_INFINITE_RECURSION = YES;
				CLANG_WARN_INT_CONVERSION = YES;
				CLANG_WARN_NON_LITERAL_NULL_CONVERSION = YES;
				CLANG_WARN_OBJC_IMPLICIT_RETAIN_SELF = YES;
				CLANG_WARN_OBJC_LITERAL_CONVERSION = YES;
				CLANG_WARN_OBJC_ROOT_CLASS = YES_ERROR;
				CLANG_WARN_QUOTED_INCLUDE_IN_FRAMEWORK_HEADER = YES;
				CLANG_WARN_RANGE_LOOP_ANALYSIS = YES;
				CLANG_WARN_STRICT_PROTOTYPES = YES;
				CLANG_WARN_SUSPICIOUS_MOVE = YES;
				CLANG_WARN_UNGUARDED_AVAILABILITY = YES_AGGRESSIVE;
				CLANG_WARN_UNREACHABLE_CODE = YES;
				CLANG_WARN__DUPLICATE_METHOD_MATCH = YES;
				COPY_PHASE_STRIP = NO;
				DEBUG_INFORMATION_FORMAT = dwarf;
				ENABLE_STRICT_OBJC_MSGSEND = YES;
				ENABLE_TESTABILITY = YES;
				GCC_C_LANGUAGE_STANDARD = gnu11;
				GCC_DYNAMIC_NO_PIC = NO;
				GCC_NO_COMMON_BLOCKS = YES;
				GCC_OPTIMIZATION_LEVEL = 0;
				GCC_PREPROCESSOR_DEFINITIONS = (
					"DEBUG=1",
					"$(inherited)",
				);
				GCC_WARN_64_TO_32_BIT_CONVERSION = YES;
				GCC_WARN_ABOUT_RETURN_TYPE = YES_ERROR;
				GCC_WARN_UNDECLARED_SELECTOR = YES;
				GCC_WARN_UNINITIALIZED_AUTOS = YES_AGGRESSIVE;
				GCC_WARN_UNUSED_FUNCTION = YES;
				GCC_WARN_UNUSED_VARIABLE = YES;
				IPHONEOS_DEPLOYMENT_TARGET = 15.4;
				MTL_ENABLE_DEBUG_INFO = INCLUDE_SOURCE;
				MTL_FAST_MATH = YES;
				ONLY_ACTIVE_ARCH = YES;
				SDKROOT = iphoneos;
				SWIFT_ACTIVE_COMPILATION_CONDITIONS = DEBUG;
				SWIFT_OPTIMIZATION_LEVEL = "-Onone";
			};
			name = Debug;
		};
		B0E9A12C284D275C0096B2DD /* Release */ = {
			isa = XCBuildConfiguration;
			buildSettings = {
				ALWAYS_SEARCH_USER_PATHS = NO;
				CLANG_ANALYZER_NONNULL = YES;
				CLANG_ANALYZER_NUMBER_OBJECT_CONVERSION = YES_AGGRESSIVE;
				CLANG_CXX_LANGUAGE_STANDARD = "gnu++17";
				CLANG_ENABLE_MODULES = YES;
				CLANG_ENABLE_OBJC_ARC = YES;
				CLANG_ENABLE_OBJC_WEAK = YES;
				CLANG_WARN_BLOCK_CAPTURE_AUTORELEASING = YES;
				CLANG_WARN_BOOL_CONVERSION = YES;
				CLANG_WARN_COMMA = YES;
				CLANG_WARN_CONSTANT_CONVERSION = YES;
				CLANG_WARN_DEPRECATED_OBJC_IMPLEMENTATIONS = YES;
				CLANG_WARN_DIRECT_OBJC_ISA_USAGE = YES_ERROR;
				CLANG_WARN_DOCUMENTATION_COMMENTS = YES;
				CLANG_WARN_EMPTY_BODY = YES;
				CLANG_WARN_ENUM_CONVERSION = YES;
				CLANG_WARN_INFINITE_RECURSION = YES;
				CLANG_WARN_INT_CONVERSION = YES;
				CLANG_WARN_NON_LITERAL_NULL_CONVERSION = YES;
				CLANG_WARN_OBJC_IMPLICIT_RETAIN_SELF = YES;
				CLANG_WARN_OBJC_LITERAL_CONVERSION = YES;
				CLANG_WARN_OBJC_ROOT_CLASS = YES_ERROR;
				CLANG_WARN_QUOTED_INCLUDE_IN_FRAMEWORK_HEADER = YES;
				CLANG_WARN_RANGE_LOOP_ANALYSIS = YES;
				CLANG_WARN_STRICT_PROTOTYPES = YES;
				CLANG_WARN_SUSPICIOUS_MOVE = YES;
				CLANG_WARN_UNGUARDED_AVAILABILITY = YES_AGGRESSIVE;
				CLANG_WARN_UNREACHABLE_CODE = YES;
				CLANG_WARN__DUPLICATE_METHOD_MATCH = YES;
				COPY_PHASE_STRIP = NO;
				DEBUG_INFORMATION_FORMAT = "dwarf-with-dsym";
				ENABLE_NS_ASSERTIONS = NO;
				ENABLE_STRICT_OBJC_MSGSEND = YES;
				GCC_C_LANGUAGE_STANDARD = gnu11;
				GCC_NO_COMMON_BLOCKS = YES;
				GCC_WARN_64_TO_32_BIT_CONVERSION = YES;
				GCC_WARN_ABOUT_RETURN_TYPE = YES_ERROR;
				GCC_WARN_UNDECLARED_SELECTOR = YES;
				GCC_WARN_UNINITIALIZED_AUTOS = YES_AGGRESSIVE;
				GCC_WARN_UNUSED_FUNCTION = YES;
				GCC_WARN_UNUSED_VARIABLE = YES;
				IPHONEOS_DEPLOYMENT_TARGET = 15.4;
				MTL_ENABLE_DEBUG_INFO = NO;
				MTL_FAST_MATH = YES;
				SDKROOT = iphoneos;
				SWIFT_COMPILATION_MODE = wholemodule;
				SWIFT_OPTIMIZATION_LEVEL = "-O";
				VALIDATE_PRODUCT = YES;
			};
			name = Release;
		};
		B0E9A12E284D275C0096B2DD /* Debug */ = {
			isa = XCBuildConfiguration;
			buildSettings = {
				ASSETCATALOG_COMPILER_APPICON_NAME = AppIcon;
				ASSETCATALOG_COMPILER_GLOBAL_ACCENT_COLOR_NAME = AccentColor;
				CODE_SIGN_STYLE = Automatic;
				CURRENT_PROJECT_VERSION = 1;
				DEVELOPMENT_TEAM = 9NYK93JP7A;
				GENERATE_INFOPLIST_FILE = YES;
				INFOPLIST_KEY_NSCameraUsageDescription = "";
				INFOPLIST_KEY_UIApplicationSupportsIndirectInputEvents = YES;
				INFOPLIST_KEY_UILaunchStoryboardName = LaunchScreen;
				INFOPLIST_KEY_UIMainStoryboardFile = Main;
				INFOPLIST_KEY_UIRequiredDeviceCapabilities = arkit;
				INFOPLIST_KEY_UIStatusBarHidden = YES;
				INFOPLIST_KEY_UISupportedInterfaceOrientations_iPad = "UIInterfaceOrientationPortrait UIInterfaceOrientationPortraitUpsideDown UIInterfaceOrientationLandscapeLeft UIInterfaceOrientationLandscapeRight";
				INFOPLIST_KEY_UISupportedInterfaceOrientations_iPhone = "UIInterfaceOrientationPortrait UIInterfaceOrientationLandscapeLeft UIInterfaceOrientationLandscapeRight";
				LD_RUNPATH_SEARCH_PATHS = (
					"$(inherited)",
					"@executable_path/Frameworks",
				);
				MARKETING_VERSION = 1.0;
				PRODUCT_BUNDLE_IDENTIFIER = gestionUsuarios.jdcs.TareaAR;
				PRODUCT_NAME = "$(TARGET_NAME)";
				SWIFT_EMIT_LOC_STRINGS = YES;
				SWIFT_VERSION = 5.0;
				TARGETED_DEVICE_FAMILY = "1,2";
			};
			name = Debug;
		};
		B0E9A12F284D275C0096B2DD /* Release */ = {
			isa = XCBuildConfiguration;
			buildSettings = {
				ASSETCATALOG_COMPILER_APPICON_NAME = AppIcon;
				ASSETCATALOG_COMPILER_GLOBAL_ACCENT_COLOR_NAME = AccentColor;
				CODE_SIGN_STYLE = Automatic;
				CURRENT_PROJECT_VERSION = 1;
				DEVELOPMENT_TEAM = 9NYK93JP7A;
				GENERATE_INFOPLIST_FILE = YES;
				INFOPLIST_KEY_NSCameraUsageDescription = "";
				INFOPLIST_KEY_UIApplicationSupportsIndirectInputEvents = YES;
				INFOPLIST_KEY_UILaunchStoryboardName = LaunchScreen;
				INFOPLIST_KEY_UIMainStoryboardFile = Main;
				INFOPLIST_KEY_UIRequiredDeviceCapabilities = arkit;
				INFOPLIST_KEY_UIStatusBarHidden = YES;
				INFOPLIST_KEY_UISupportedInterfaceOrientations_iPad = "UIInterfaceOrientationPortrait UIInterfaceOrientationPortraitUpsideDown UIInterfaceOrientationLandscapeLeft UIInterfaceOrientationLandscapeRight";
				INFOPLIST_KEY_UISupportedInterfaceOrientations_iPhone = "UIInterfaceOrientationPortrait UIInterfaceOrientationLandscapeLeft UIInterfaceOrientationLandscapeRight";
				LD_RUNPATH_SEARCH_PATHS = (
					"$(inherited)",
					"@executable_path/Frameworks",
				);
				MARKETING_VERSION = 1.0;
				PRODUCT_BUNDLE_IDENTIFIER = gestionUsuarios.jdcs.TareaAR;
				PRODUCT_NAME = "$(TARGET_NAME)";
				SWIFT_EMIT_LOC_STRINGS = YES;
				SWIFT_VERSION = 5.0;
				TARGETED_DEVICE_FAMILY = "1,2";
			};
			name = Release;
		};
		B0E9A131284D275C0096B2DD /* Debug */ = {
			isa = XCBuildConfiguration;
			buildSettings = {
				ALWAYS_EMBED_SWIFT_STANDARD_LIBRARIES = YES;
				BUNDLE_LOADER = "$(TEST_HOST)";
				CODE_SIGN_STYLE = Automatic;
				CURRENT_PROJECT_VERSION = 1;
				DEVELOPMENT_TEAM = 9NYK93JP7A;
				GENERATE_INFOPLIST_FILE = YES;
				IPHONEOS_DEPLOYMENT_TARGET = 15.4;
				MARKETING_VERSION = 1.0;
				PRODUCT_BUNDLE_IDENTIFIER = gestionUsuarios.jdcs.TareaARTests;
				PRODUCT_NAME = "$(TARGET_NAME)";
				SWIFT_EMIT_LOC_STRINGS = NO;
				SWIFT_VERSION = 5.0;
				TARGETED_DEVICE_FAMILY = "1,2";
				TEST_HOST = "$(BUILT_PRODUCTS_DIR)/TareaAR.app/TareaAR";
			};
			name = Debug;
		};
		B0E9A132284D275C0096B2DD /* Release */ = {
			isa = XCBuildConfiguration;
			buildSettings = {
				ALWAYS_EMBED_SWIFT_STANDARD_LIBRARIES = YES;
				BUNDLE_LOADER = "$(TEST_HOST)";
				CODE_SIGN_STYLE = Automatic;
				CURRENT_PROJECT_VERSION = 1;
				DEVELOPMENT_TEAM = 9NYK93JP7A;
				GENERATE_INFOPLIST_FILE = YES;
				IPHONEOS_DEPLOYMENT_TARGET = 15.4;
				MARKETING_VERSION = 1.0;
				PRODUCT_BUNDLE_IDENTIFIER = gestionUsuarios.jdcs.TareaARTests;
				PRODUCT_NAME = "$(TARGET_NAME)";
				SWIFT_EMIT_LOC_STRINGS = NO;
				SWIFT_VERSION = 5.0;
				TARGETED_DEVICE_FAMILY = "1,2";
				TEST_HOST = "$(BUILT_PRODUCTS_DIR)/TareaAR.app/TareaAR";
			};
			name = Release;
		};
		B0E9A134284D275C0096B2DD /* Debug */ = {
			isa = XCBuildConfiguration;
			buildSettings = {
				ALWAYS_EMBED_SWIFT_STANDARD_LIBRARIES = YES;
				CODE_SIGN_STYLE = Automatic;
				CURRENT_PROJECT_VERSION = 1;
				DEVELOPMENT_TEAM = 9NYK93JP7A;
				GENERATE_INFOPLIST_FILE = YES;
				MARKETING_VERSION = 1.0;
				PRODUCT_BUNDLE_IDENTIFIER = gestionUsuarios.jdcs.TareaARUITests;
				PRODUCT_NAME = "$(TARGET_NAME)";
				SWIFT_EMIT_LOC_STRINGS = NO;
				SWIFT_VERSION = 5.0;
				TARGETED_DEVICE_FAMILY = "1,2";
				TEST_TARGET_NAME = TareaAR;
			};
			name = Debug;
		};
		B0E9A135284D275C0096B2DD /* Release */ = {
			isa = XCBuildConfiguration;
			buildSettings = {
				ALWAYS_EMBED_SWIFT_STANDARD_LIBRARIES = YES;
				CODE_SIGN_STYLE = Automatic;
				CURRENT_PROJECT_VERSION = 1;
				DEVELOPMENT_TEAM = 9NYK93JP7A;
				GENERATE_INFOPLIST_FILE = YES;
				MARKETING_VERSION = 1.0;
				PRODUCT_BUNDLE_IDENTIFIER = gestionUsuarios.jdcs.TareaARUITests;
				PRODUCT_NAME = "$(TARGET_NAME)";
				SWIFT_EMIT_LOC_STRINGS = NO;
				SWIFT_VERSION = 5.0;
				TARGETED_DEVICE_FAMILY = "1,2";
				TEST_TARGET_NAME = TareaAR;
			};
			name = Release;
		};
/* End XCBuildConfiguration section */

/* Begin XCConfigurationList section */
		B0E9A0FF284D27570096B2DD /* Build configuration list for PBXProject "TareaAR" */ = {
			isa = XCConfigurationList;
			buildConfigurations = (
				B0E9A12B284D275C0096B2DD /* Debug */,
				B0E9A12C284D275C0096B2DD /* Release */,
			);
			defaultConfigurationIsVisible = 0;
			defaultConfigurationName = Release;
		};
		B0E9A12D284D275C0096B2DD /* Build configuration list for PBXNativeTarget "TareaAR" */ = {
			isa = XCConfigurationList;
			buildConfigurations = (
				B0E9A12E284D275C0096B2DD /* Debug */,
				B0E9A12F284D275C0096B2DD /* Release */,
			);
			defaultConfigurationIsVisible = 0;
			defaultConfigurationName = Release;
		};
		B0E9A130284D275C0096B2DD /* Build configuration list for PBXNativeTarget "TareaARTests" */ = {
			isa = XCConfigurationList;
			buildConfigurations = (
				B0E9A131284D275C0096B2DD /* Debug */,
				B0E9A132284D275C0096B2DD /* Release */,
			);
			defaultConfigurationIsVisible = 0;
			defaultConfigurationName = Release;
		};
		B0E9A133284D275C0096B2DD /* Build configuration list for PBXNativeTarget "TareaARUITests" */ = {
			isa = XCConfigurationList;
			buildConfigurations = (
				B0E9A134284D275C0096B2DD /* Debug */,
				B0E9A135284D275C0096B2DD /* Release */,
			);
			defaultConfigurationIsVisible = 0;
			defaultConfigurationName = Release;
		};
/* End XCConfigurationList section */
	};
	rootObject = B0E9A0FC284D27570096B2DD /* Project object */;
}
